
Microsoft Visual Studio Solution File, Format Version 12.00
# Visual Studio Version 16
VisualStudioVersion = 16.0.30320.27
MinimumVisualStudioVersion = 10.0.40219.1
Project("{8BC9CEB8-8B4A-11D0-8D11-00A0C91BC942}") = "homework3", "homework3\homework3.vcxproj", "{E5458220-9829-4137-A012-957003228B34}"
EndProject
Global
	GlobalSection(SolutionConfigurationPlatforms) = preSolution
		Debug|x64 = Debug|x64
		Debug|x86 = Debug|x86
		Release|x64 = Release|x64
		Release|x86 = Release|x86
	EndGlobalSection
	GlobalSection(ProjectConfigurationPlatforms) = postSolution
		{E5458220-9829-4137-A012-957003228B34}.Debug|x64.ActiveCfg = Debug|x64
		{E5458220-9829-4137-A012-957003228B34}.Debug|x64.Build.0 = Debug|x64
		{E5458220-9829-4137-A012-957003228B34}.Debug|x86.ActiveCfg = Debug|Win32
		{E5458220-9829-4137-A012-957003228B34}.Debug|x86.Build.0 = Debug|Win32
		{E5458220-9829-4137-A012-957003228B34}.Release|x64.ActiveCfg = Release|x64
		{E5458220-9829-4137-A012-957003228B34}.Release|x64.Build.0 = Release|x64
		{E5458220-9829-4137-A012-957003228B34}.Release|x86.ActiveCfg = Release|Win32
		{E5458220-9829-4137-A012-957003228B34}.Release|x86.Build.0 = Release|Win32
	EndGlobalSection
	GlobalSection(SolutionProperties) = preSolution
		HideSolutionNode = FALSE
	EndGlobalSection
	GlobalSection(ExtensibilityGlobals) = postSolution
		SolutionGuid = {83F26F30-94D5-44BE-9F00-65A3D787F8F7}
	EndGlobalSection
EndGlobal
